
Microsoft Visual Studio Solution File, Format Version 12.00
# Visual Studio 15
VisualStudioVersion = 15.0.28010.2048
MinimumVisualStudioVersion = 10.0.40219.1
Project("{FAE04EC0-301F-11D3-BF4B-00C04F79EFBC}") = "GazeDataTimestampCorrection", "src\GazeDataTimestampCorrection\GazeDataTimestampCorrection.csproj", "{910FCD7A-57B9-42A7-9AFC-709CC9BBE918}"
EndProject
Global
	GlobalSection(SolutionConfigurationPlatforms) = preSolution
		Debug|Any CPU = Debug|Any CPU
		Release|Any CPU = Release|Any CPU
	EndGlobalSection
	GlobalSection(ProjectConfigurationPlatforms) = postSolution
		{910FCD7A-57B9-42A7-9AFC-709CC9BBE918}.Debug|Any CPU.ActiveCfg = Debug|Any CPU
		{910FCD7A-57B9-42A7-9AFC-709CC9BBE918}.Debug|Any CPU.Build.0 = Debug|Any CPU
		{910FCD7A-57B9-42A7-9AFC-709CC9BBE918}.Release|Any CPU.ActiveCfg = Release|Any CPU
		{910FCD7A-57B9-42A7-9AFC-709CC9BBE918}.Release|Any CPU.Build.0 = Release|Any CPU
	EndGlobalSection
	GlobalSection(SolutionProperties) = preSolution
		HideSolutionNode = FALSE
	EndGlobalSection
	GlobalSection(ExtensibilityGlobals) = postSolution
		SolutionGuid = {AA348C33-2032-49BD-838F-73BDFA2D1B40}
	EndGlobalSection
EndGlobal
